{
	"name": "helloworld-minimal-sample",
	"version": "1.0.0",
	"lockfileVersion": 1,
	"requires": true,
	"dependencies": {
		"@types/vscode": {
			"version": "3.33.0",
			"resolved": "https://registry.npmjs.org/@types/vscode/-/vscode-1.33.0.tgz",
			"integrity": "sha512-owuiBK4iY5wy/4yW8OjJSmGiValbrcG5g20jjCfKakLiuWyrcjVezj+SEAElkLVqbkZ4klXQktE5EtecuHnjQ==",
			"dev": true
		}
	}
}